dependencies:
- name: opentelemetry-collector
  repository: file://../opentelemetry-collector
  version: 0.147.1
- name: jaeger
  repository: https://jaegertracing.github.io/helm-charts
  version: 4.3.0
- name: prometheus
  repository: https://prometheus-community.github.io/helm-charts
  version: 28.2.0
- name: grafana
  repository: https://grafana.github.io/helm-charts
  version: 10.5.8
- name: opensearch
  repository: https://opensearch-project.github.io/helm-charts/
  version: 3.4.0
digest: sha256:4347df3d46cec9fb70dfd73c77f457e44fa8d9ae90bc2499d9258f0c66fbcbf1
generated: "2026-04-06T14:35:45.01380143+08:00"
